
Microsoft Visual Studio Solution File, Format Version 12.00
# Visual Studio Version 16
VisualStudioVersion = 16.0.33927.289
MinimumVisualStudioVersion = 10.0.40219.1
Project("{2150E333-8FDC-42A3-9474-1A3956D46DE8}") = "Task0", "Task0", "{0941C0B9-D2EC-4E46-A1EF-6DBBDB8B2415}"
EndProject
Project("{FAE04EC0-301F-11D3-BF4B-00C04F79EFBC}") = "Tyuiu.AbdullinAI.Sprint0.Task0.V0", "Tyuiu.AbdullinAI.Sprint0.Task0.V0\Tyuiu.AbdullinAI.Sprint0.Task0.V0.csproj", "{43F61E6D-8550-4F5B-9A69-E6C7056F9DBC}"
EndProject
Project("{2150E333-8FDC-42A3-9474-1A3956D46DE8}") = "Task1", "Task1", "{B4FCA6BB-489C-4800-9571-92CC3E8E2DB5}"
EndProject
Project("{FAE04EC0-301F-11D3-BF4B-00C04F79EFBC}") = "Tyuiu.AbdullinAI.Sprint0.Task1.V0", "Tyuiu.AbdullinAI.Sprint0.Task1.V0\Tyuiu.AbdullinAI.Sprint0.Task1.V0.csproj", "{C8B91521-D9D4-4DE9-9533-9DB459044E75}"
EndProject
Project("{2150E333-8FDC-42A3-9474-1A3956D46DE8}") = "Task2", "Task2", "{1EF2BD0C-83A3-415D-8CB1-FB99BA8FFCC9}"
EndProject
Project("{FAE04EC0-301F-11D3-BF4B-00C04F79EFBC}") = "Tyuiu.AbdullinAI.Sprint0.Task2.V0", "Tyuiu.AbdullinAI.Sprint0.Task2.V0\Tyuiu.AbdullinAI.Sprint0.Task2.V0.csproj", "{D966DDC1-968A-491A-ADED-B348DBF7BE87}"
EndProject
Project("{FAE04EC0-301F-11D3-BF4B-00C04F79EFBC}") = "Tyuiu.AbdullinAI.Sprint0.Task2.V0.Test", "Tyuiu.AbdullinAI.Sprint0.Task2.V0.Test\Tyuiu.AbdullinAI.Sprint0.Task2.V0.Test.csproj", "{F04DA3C6-7444-44D9-8D29-01641448CAB6}"
EndProject
Project("{FAE04EC0-301F-11D3-BF4B-00C04F79EFBC}") = "Tyuiu.AbdullinAI.Sprint0.Task2.V0.Lib", "Tyuiu.AbdullinAI.Sprint0.Task2.V0.Lib\Tyuiu.AbdullinAI.Sprint0.Task2.V0.Lib.csproj", "{F290B821-9C1A-4445-B81E-C117D96F6A10}"
EndProject
Global
	GlobalSection(SolutionConfigurationPlatforms) = preSolution
		Debug|Any CPU = Debug|Any CPU
		Release|Any CPU = Release|Any CPU
	EndGlobalSection
	GlobalSection(ProjectConfigurationPlatforms) = postSolution
		{43F61E6D-8550-4F5B-9A69-E6C7056F9DBC}.Debug|Any CPU.ActiveCfg = Debug|Any CPU
		{43F61E6D-8550-4F5B-9A69-E6C7056F9DBC}.Debug|Any CPU.Build.0 = Debug|Any CPU
		{43F61E6D-8550-4F5B-9A69-E6C7056F9DBC}.Release|Any CPU.ActiveCfg = Release|Any CPU
		{43F61E6D-8550-4F5B-9A69-E6C7056F9DBC}.Release|Any CPU.Build.0 = Release|Any CPU
		{C8B91521-D9D4-4DE9-9533-9DB459044E75}.Debug|Any CPU.ActiveCfg = Debug|Any CPU
		{C8B91521-D9D4-4DE9-9533-9DB459044E75}.Debug|Any CPU.Build.0 = Debug|Any CPU
		{C8B91521-D9D4-4DE9-9533-9DB459044E75}.Release|Any CPU.ActiveCfg = Release|Any CPU
		{C8B91521-D9D4-4DE9-9533-9DB459044E75}.Release|Any CPU.Build.0 = Release|Any CPU
		{D966DDC1-968A-491A-ADED-B348DBF7BE87}.Debug|Any CPU.ActiveCfg = Debug|Any CPU
		{D966DDC1-968A-491A-ADED-B348DBF7BE87}.Debug|Any CPU.Build.0 = Debug|Any CPU
		{D966DDC1-968A-491A-ADED-B348DBF7BE87}.Release|Any CPU.ActiveCfg = Release|Any CPU
		{D966DDC1-968A-491A-ADED-B348DBF7BE87}.Release|Any CPU.Build.0 = Release|Any CPU
		{F04DA3C6-7444-44D9-8D29-01641448CAB6}.Debug|Any CPU.ActiveCfg = Debug|Any CPU
		{F04DA3C6-7444-44D9-8D29-01641448CAB6}.Debug|Any CPU.Build.0 = Debug|Any CPU
		{F04DA3C6-7444-44D9-8D29-01641448CAB6}.Release|Any CPU.ActiveCfg = Release|Any CPU
		{F04DA3C6-7444-44D9-8D29-01641448CAB6}.Release|Any CPU.Build.0 = Release|Any CPU
		{F290B821-9C1A-4445-B81E-C117D96F6A10}.Debug|Any CPU.ActiveCfg = Debug|Any CPU
		{F290B821-9C1A-4445-B81E-C117D96F6A10}.Debug|Any CPU.Build.0 = Debug|Any CPU
		{F290B821-9C1A-4445-B81E-C117D96F6A10}.Release|Any CPU.ActiveCfg = Release|Any CPU
		{F290B821-9C1A-4445-B81E-C117D96F6A10}.Release|Any CPU.Build.0 = Release|Any CPU
	EndGlobalSection
	GlobalSection(SolutionProperties) = preSolution
		HideSolutionNode = FALSE
	EndGlobalSection
	GlobalSection(NestedProjects) = preSolution
		{43F61E6D-8550-4F5B-9A69-E6C7056F9DBC} = {0941C0B9-D2EC-4E46-A1EF-6DBBDB8B2415}
		{C8B91521-D9D4-4DE9-9533-9DB459044E75} = {B4FCA6BB-489C-4800-9571-92CC3E8E2DB5}
		{D966DDC1-968A-491A-ADED-B348DBF7BE87} = {1EF2BD0C-83A3-415D-8CB1-FB99BA8FFCC9}
		{F04DA3C6-7444-44D9-8D29-01641448CAB6} = {1EF2BD0C-83A3-415D-8CB1-FB99BA8FFCC9}
		{F290B821-9C1A-4445-B81E-C117D96F6A10} = {1EF2BD0C-83A3-415D-8CB1-FB99BA8FFCC9}
	EndGlobalSection
	GlobalSection(ExtensibilityGlobals) = postSolution
		SolutionGuid = {89780A0B-3CCD-4F82-A86B-8B636471D204}
	EndGlobalSection
EndGlobal
