
Microsoft Visual Studio Solution File, Format Version 12.00
# Visual Studio Version 16
VisualStudioVersion = 16.0.33927.289
MinimumVisualStudioVersion = 10.0.40219.1
Project("{2150E333-8FDC-42A3-9474-1A3956D46DE8}") = "Task0", "Task0", "{0941C0B9-D2EC-4E46-A1EF-6DBBDB8B2415}"
EndProject
Project("{FAE04EC0-301F-11D3-BF4B-00C04F79EFBC}") = "Tyuiu.AbdullinAI.Sprint0.Task0.V0", "Tyuiu.AbdullinAI.Sprint0.Task0.V0\Tyuiu.AbdullinAI.Sprint0.Task0.V0.csproj", "{43F61E6D-8550-4F5B-9A69-E6C7056F9DBC}"
EndProject
Project("{2150E333-8FDC-42A3-9474-1A3956D46DE8}") = "Task1", "Task1", "{B4FCA6BB-489C-4800-9571-92CC3E8E2DB5}"
EndProject
Project("{FAE04EC0-301F-11D3-BF4B-00C04F79EFBC}") = "Tyuiu.AbdullinAI.Sprint0.Task1.V0", "Tyuiu.AbdullinAI.Sprint0.Task1.V0\Tyuiu.AbdullinAI.Sprint0.Task1.V0.csproj", "{C8B91521-D9D4-4DE9-9533-9DB459044E75}"
EndProject
Project("{2150E333-8FDC-42A3-9474-1A3956D46DE8}") = "Task2", "Task2", "{1EF2BD0C-83A3-415D-8CB1-FB99BA8FFCC9}"
EndProject
Project("{FAE04EC0-301F-11D3-BF4B-00C04F79EFBC}") = "Tyuiu.AbdullinAI.Sprint0.Task2.V0", "Tyuiu.AbdullinAI.Sprint0.Task2.V0\Tyuiu.AbdullinAI.Sprint0.Task2.V0.csproj", "{D966DDC1-968A-491A-ADED-B348DBF7BE87}"
EndProject
Project("{FAE04EC0-301F-11D3-BF4B-00C04F79EFBC}") = "Tyuiu.AbdullinAI.Sprint0.Task2.V0.Test", "Tyuiu.AbdullinAI.Sprint0.Task2.V0.Test\Tyuiu.AbdullinAI.Sprint0.Task2.V0.Test.csproj", "{F04DA3C6-7444-44D9-8D29-01641448CAB6}"
EndProject
Project("{FAE04EC0-301F-11D3-BF4B-00C04F79EFBC}") = "Tyuiu.AbdullinAI.Sprint0.Task2.V0.Lib", "Tyuiu.AbdullinAI.Sprint0.Task2.V0.Lib\Tyuiu.AbdullinAI.Sprint0.Task2.V0.Lib.csproj", "{F290B821-9C1A-4445-B81E-C117D96F6A10}"
EndProject
Project("{2150E333-8FDC-42A3-9474-1A3956D46DE8}") = "Task3", "Task3", "{4523170F-DAD0-48AB-B484-21A2D398D0FC}"
EndProject
Project("{FAE04EC0-301F-11D3-BF4B-00C04F79EFBC}") = "Tyuiu.AbdullinAI.Sprint0.Task3.V0", "Tyuiu.AbdullinAI.Sprint0.Task3.V0\Tyuiu.AbdullinAI.Sprint0.Task3.V0.csproj", "{B91A21C9-07FF-4D75-AC12-C73525D1628B}"
EndProject
Project("{FAE04EC0-301F-11D3-BF4B-00C04F79EFBC}") = "Tyuiu.AbdullinAI.Sprint0.Task3.V0.Lib", "Tyuiu.AbdullinAI.Sprint0.Task3.V0.Lib\Tyuiu.AbdullinAI.Sprint0.Task3.V0.Lib.csproj", "{9417AFD3-1BDF-4FA1-9435-39DCA2CCE7E0}"
EndProject
Project("{FAE04EC0-301F-11D3-BF4B-00C04F79EFBC}") = "Tyuiu.AbdullinAI.Sprint0.Task3.V0.Test", "Tyuiu.AbdullinAI.Sprint0.Task3.V0.Test\Tyuiu.AbdullinAI.Sprint0.Task3.V0.Test.csproj", "{FFD96D92-5597-4DBF-AE0E-09A1860D1B8F}"
EndProject
Project("{2150E333-8FDC-42A3-9474-1A3956D46DE8}") = "Task4", "Task4", "{F0F6680C-07E5-40B5-A259-D67120FB801F}"
EndProject
Project("{FAE04EC0-301F-11D3-BF4B-00C04F79EFBC}") = "Tyuiu.AbdullinAI.Sprint0.Task4.V0", "Tyuiu.AbdullinAI.Sprint0.Task4.V0\Tyuiu.AbdullinAI.Sprint0.Task4.V0.csproj", "{58DEC362-0AA0-47EA-A989-8F41E57B112D}"
EndProject
Project("{FAE04EC0-301F-11D3-BF4B-00C04F79EFBC}") = "Tyuiu.AbdullinAI.Sprint0.Task4.V0.Lib", "Tyuiu.AbdullinAI.Sprint0.Task4.V0.Lib\Tyuiu.AbdullinAI.Sprint0.Task4.V0.Lib.csproj", "{E7B20463-AC82-4E1F-9AFB-CDCE5D255666}"
EndProject
Project("{FAE04EC0-301F-11D3-BF4B-00C04F79EFBC}") = "Tyuiu.AbdullinAI.Sprint0.Task4.V0.Test", "Tyuiu.AbdullinAI.Sprint0.Task4.V0.Test\Tyuiu.AbdullinAI.Sprint0.Task4.V0.Test.csproj", "{EC15A433-5CB6-47A3-AACF-14923D096948}"
EndProject
Project("{2150E333-8FDC-42A3-9474-1A3956D46DE8}") = "Task5", "Task5", "{1D0983AE-793F-4F11-9FB7-E505D312165A}"
EndProject
Project("{FAE04EC0-301F-11D3-BF4B-00C04F79EFBC}") = "Tyuiu.AbdullinAI.Sprint0.Task5.V0", "Tyuiu.AbdullinAI.Sprint0.Task5.V0\Tyuiu.AbdullinAI.Sprint0.Task5.V0.csproj", "{48178E32-19AD-4892-B302-88DD14676A0B}"
EndProject
Project("{FAE04EC0-301F-11D3-BF4B-00C04F79EFBC}") = "Tyuiu.AbdullinAI.Sprint0.Task5.V0.Lib", "Tyuiu.AbdullinAI.Sprint0.Task5.V0.Lib\Tyuiu.AbdullinAI.Sprint0.Task5.V0.Lib.csproj", "{4DFEAD5D-3774-42D0-93D0-97C364F8C4F4}"
EndProject
Project("{FAE04EC0-301F-11D3-BF4B-00C04F79EFBC}") = "Tyuiu.AbdullinAI.Sprint0.Task5.V0.Test", "Tyuiu.AbdullinAI.Sprint0.Task5.V0.Test\Tyuiu.AbdullinAI.Sprint0.Task5.V0.Test.csproj", "{7174C90A-54E1-4963-A0FF-0AB3A7B22C1B}"
EndProject
Global
	GlobalSection(SolutionConfigurationPlatforms) = preSolution
		Debug|Any CPU = Debug|Any CPU
		Release|Any CPU = Release|Any CPU
	EndGlobalSection
	GlobalSection(ProjectConfigurationPlatforms) = postSolution
		{43F61E6D-8550-4F5B-9A69-E6C7056F9DBC}.Debug|Any CPU.ActiveCfg = Debug|Any CPU
		{43F61E6D-8550-4F5B-9A69-E6C7056F9DBC}.Debug|Any CPU.Build.0 = Debug|Any CPU
		{43F61E6D-8550-4F5B-9A69-E6C7056F9DBC}.Release|Any CPU.ActiveCfg = Release|Any CPU
		{43F61E6D-8550-4F5B-9A69-E6C7056F9DBC}.Release|Any CPU.Build.0 = Release|Any CPU
		{C8B91521-D9D4-4DE9-9533-9DB459044E75}.Debug|Any CPU.ActiveCfg = Debug|Any CPU
		{C8B91521-D9D4-4DE9-9533-9DB459044E75}.Debug|Any CPU.Build.0 = Debug|Any CPU
		{C8B91521-D9D4-4DE9-9533-9DB459044E75}.Release|Any CPU.ActiveCfg = Release|Any CPU
		{C8B91521-D9D4-4DE9-9533-9DB459044E75}.Release|Any CPU.Build.0 = Release|Any CPU
		{D966DDC1-968A-491A-ADED-B348DBF7BE87}.Debug|Any CPU.ActiveCfg = Debug|Any CPU
		{D966DDC1-968A-491A-ADED-B348DBF7BE87}.Debug|Any CPU.Build.0 = Debug|Any CPU
		{D966DDC1-968A-491A-ADED-B348DBF7BE87}.Release|Any CPU.ActiveCfg = Release|Any CPU
		{D966DDC1-968A-491A-ADED-B348DBF7BE87}.Release|Any CPU.Build.0 = Release|Any CPU
		{F04DA3C6-7444-44D9-8D29-01641448CAB6}.Debug|Any CPU.ActiveCfg = Debug|Any CPU
		{F04DA3C6-7444-44D9-8D29-01641448CAB6}.Debug|Any CPU.Build.0 = Debug|Any CPU
		{F04DA3C6-7444-44D9-8D29-01641448CAB6}.Release|Any CPU.ActiveCfg = Release|Any CPU
		{F04DA3C6-7444-44D9-8D29-01641448CAB6}.Release|Any CPU.Build.0 = Release|Any CPU
		{F290B821-9C1A-4445-B81E-C117D96F6A10}.Debug|Any CPU.ActiveCfg = Debug|Any CPU
		{F290B821-9C1A-4445-B81E-C117D96F6A10}.Debug|Any CPU.Build.0 = Debug|Any CPU
		{F290B821-9C1A-4445-B81E-C117D96F6A10}.Release|Any CPU.ActiveCfg = Release|Any CPU
		{F290B821-9C1A-4445-B81E-C117D96F6A10}.Release|Any CPU.Build.0 = Release|Any CPU
		{B91A21C9-07FF-4D75-AC12-C73525D1628B}.Debug|Any CPU.ActiveCfg = Debug|Any CPU
		{B91A21C9-07FF-4D75-AC12-C73525D1628B}.Debug|Any CPU.Build.0 = Debug|Any CPU
		{B91A21C9-07FF-4D75-AC12-C73525D1628B}.Release|Any CPU.ActiveCfg = Release|Any CPU
		{B91A21C9-07FF-4D75-AC12-C73525D1628B}.Release|Any CPU.Build.0 = Release|Any CPU
		{9417AFD3-1BDF-4FA1-9435-39DCA2CCE7E0}.Debug|Any CPU.ActiveCfg = Debug|Any CPU
		{9417AFD3-1BDF-4FA1-9435-39DCA2CCE7E0}.Debug|Any CPU.Build.0 = Debug|Any CPU
		{9417AFD3-1BDF-4FA1-9435-39DCA2CCE7E0}.Release|Any CPU.ActiveCfg = Release|Any CPU
		{9417AFD3-1BDF-4FA1-9435-39DCA2CCE7E0}.Release|Any CPU.Build.0 = Release|Any CPU
		{FFD96D92-5597-4DBF-AE0E-09A1860D1B8F}.Debug|Any CPU.ActiveCfg = Debug|Any CPU
		{FFD96D92-5597-4DBF-AE0E-09A1860D1B8F}.Debug|Any CPU.Build.0 = Debug|Any CPU
		{FFD96D92-5597-4DBF-AE0E-09A1860D1B8F}.Release|Any CPU.ActiveCfg = Release|Any CPU
		{FFD96D92-5597-4DBF-AE0E-09A1860D1B8F}.Release|Any CPU.Build.0 = Release|Any CPU
		{58DEC362-0AA0-47EA-A989-8F41E57B112D}.Debug|Any CPU.ActiveCfg = Debug|Any CPU
		{58DEC362-0AA0-47EA-A989-8F41E57B112D}.Debug|Any CPU.Build.0 = Debug|Any CPU
		{58DEC362-0AA0-47EA-A989-8F41E57B112D}.Release|Any CPU.ActiveCfg = Release|Any CPU
		{58DEC362-0AA0-47EA-A989-8F41E57B112D}.Release|Any CPU.Build.0 = Release|Any CPU
		{E7B20463-AC82-4E1F-9AFB-CDCE5D255666}.Debug|Any CPU.ActiveCfg = Debug|Any CPU
		{E7B20463-AC82-4E1F-9AFB-CDCE5D255666}.Debug|Any CPU.Build.0 = Debug|Any CPU
		{E7B20463-AC82-4E1F-9AFB-CDCE5D255666}.Release|Any CPU.ActiveCfg = Release|Any CPU
		{E7B20463-AC82-4E1F-9AFB-CDCE5D255666}.Release|Any CPU.Build.0 = Release|Any CPU
		{EC15A433-5CB6-47A3-AACF-14923D096948}.Debug|Any CPU.ActiveCfg = Debug|Any CPU
		{EC15A433-5CB6-47A3-AACF-14923D096948}.Debug|Any CPU.Build.0 = Debug|Any CPU
		{EC15A433-5CB6-47A3-AACF-14923D096948}.Release|Any CPU.ActiveCfg = Release|Any CPU
		{EC15A433-5CB6-47A3-AACF-14923D096948}.Release|Any CPU.Build.0 = Release|Any CPU
		{48178E32-19AD-4892-B302-88DD14676A0B}.Debug|Any CPU.ActiveCfg = Debug|Any CPU
		{48178E32-19AD-4892-B302-88DD14676A0B}.Debug|Any CPU.Build.0 = Debug|Any CPU
		{48178E32-19AD-4892-B302-88DD14676A0B}.Release|Any CPU.ActiveCfg = Release|Any CPU
		{48178E32-19AD-4892-B302-88DD14676A0B}.Release|Any CPU.Build.0 = Release|Any CPU
		{4DFEAD5D-3774-42D0-93D0-97C364F8C4F4}.Debug|Any CPU.ActiveCfg = Debug|Any CPU
		{4DFEAD5D-3774-42D0-93D0-97C364F8C4F4}.Debug|Any CPU.Build.0 = Debug|Any CPU
		{4DFEAD5D-3774-42D0-93D0-97C364F8C4F4}.Release|Any CPU.ActiveCfg = Release|Any CPU
		{4DFEAD5D-3774-42D0-93D0-97C364F8C4F4}.Release|Any CPU.Build.0 = Release|Any CPU
		{7174C90A-54E1-4963-A0FF-0AB3A7B22C1B}.Debug|Any CPU.ActiveCfg = Debug|Any CPU
		{7174C90A-54E1-4963-A0FF-0AB3A7B22C1B}.Debug|Any CPU.Build.0 = Debug|Any CPU
		{7174C90A-54E1-4963-A0FF-0AB3A7B22C1B}.Release|Any CPU.ActiveCfg = Release|Any CPU
		{7174C90A-54E1-4963-A0FF-0AB3A7B22C1B}.Release|Any CPU.Build.0 = Release|Any CPU
	EndGlobalSection
	GlobalSection(SolutionProperties) = preSolution
		HideSolutionNode = FALSE
	EndGlobalSection
	GlobalSection(NestedProjects) = preSolution
		{43F61E6D-8550-4F5B-9A69-E6C7056F9DBC} = {0941C0B9-D2EC-4E46-A1EF-6DBBDB8B2415}
		{C8B91521-D9D4-4DE9-9533-9DB459044E75} = {B4FCA6BB-489C-4800-9571-92CC3E8E2DB5}
		{D966DDC1-968A-491A-ADED-B348DBF7BE87} = {1EF2BD0C-83A3-415D-8CB1-FB99BA8FFCC9}
		{F04DA3C6-7444-44D9-8D29-01641448CAB6} = {1EF2BD0C-83A3-415D-8CB1-FB99BA8FFCC9}
		{F290B821-9C1A-4445-B81E-C117D96F6A10} = {1EF2BD0C-83A3-415D-8CB1-FB99BA8FFCC9}
		{B91A21C9-07FF-4D75-AC12-C73525D1628B} = {4523170F-DAD0-48AB-B484-21A2D398D0FC}
		{9417AFD3-1BDF-4FA1-9435-39DCA2CCE7E0} = {4523170F-DAD0-48AB-B484-21A2D398D0FC}
		{FFD96D92-5597-4DBF-AE0E-09A1860D1B8F} = {4523170F-DAD0-48AB-B484-21A2D398D0FC}
		{58DEC362-0AA0-47EA-A989-8F41E57B112D} = {F0F6680C-07E5-40B5-A259-D67120FB801F}
		{E7B20463-AC82-4E1F-9AFB-CDCE5D255666} = {F0F6680C-07E5-40B5-A259-D67120FB801F}
		{EC15A433-5CB6-47A3-AACF-14923D096948} = {F0F6680C-07E5-40B5-A259-D67120FB801F}
		{48178E32-19AD-4892-B302-88DD14676A0B} = {1D0983AE-793F-4F11-9FB7-E505D312165A}
		{4DFEAD5D-3774-42D0-93D0-97C364F8C4F4} = {1D0983AE-793F-4F11-9FB7-E505D312165A}
		{7174C90A-54E1-4963-A0FF-0AB3A7B22C1B} = {1D0983AE-793F-4F11-9FB7-E505D312165A}
	EndGlobalSection
	GlobalSection(ExtensibilityGlobals) = postSolution
		SolutionGuid = {89780A0B-3CCD-4F82-A86B-8B636471D204}
	EndGlobalSection
EndGlobal
